
Microsoft Visual Studio Solution File, Format Version 12.00
# Visual Studio Version 16
VisualStudioVersion = 16.0.30523.141
MinimumVisualStudioVersion = 10.0.40219.1
Project("{FAE04EC0-301F-11D3-BF4B-00C04F79EFBC}") = "Donea_Paul_App", "Donea_Paul_App.csproj", "{180EE451-291E-4975-A45D-F8F1E4C9EA7F}"
EndProject
Global
	GlobalSection(SolutionConfigurationPlatforms) = preSolution
		Debug|Any CPU = Debug|Any CPU
		Release|Any CPU = Release|Any CPU
	EndGlobalSection
	GlobalSection(ProjectConfigurationPlatforms) = postSolution
		{180EE451-291E-4975-A45D-F8F1E4C9EA7F}.Debug|Any CPU.ActiveCfg = Debug|Any CPU
		{180EE451-291E-4975-A45D-F8F1E4C9EA7F}.Debug|Any CPU.Build.0 = Debug|Any CPU
		{180EE451-291E-4975-A45D-F8F1E4C9EA7F}.Release|Any CPU.ActiveCfg = Release|Any CPU
		{180EE451-291E-4975-A45D-F8F1E4C9EA7F}.Release|Any CPU.Build.0 = Release|Any CPU
	EndGlobalSection
	GlobalSection(SolutionProperties) = preSolution
		HideSolutionNode = FALSE
	EndGlobalSection
	GlobalSection(ExtensibilityGlobals) = postSolution
		SolutionGuid = {D66B87B6-7D9A-4336-AA4F-0DC9B79C15F2}
	EndGlobalSection
EndGlobal
